
Microsoft Visual Studio Solution File, Format Version 12.00
# Visual Studio Version 16
VisualStudioVersion = 16.0.31613.86
MinimumVisualStudioVersion = 10.0.40219.1
Project("{FAE04EC0-301F-11D3-BF4B-00C04F79EFBC}") = "BankMachine", "BankMachine\BankMachine.csproj", "{7A496CC7-EBFB-44E1-837F-8FC13D6377FF}"
EndProject
Global
	GlobalSection(SolutionConfigurationPlatforms) = preSolution
		Debug|Any CPU = Debug|Any CPU
		Release|Any CPU = Release|Any CPU
	EndGlobalSection
	GlobalSection(ProjectConfigurationPlatforms) = postSolution
		{7A496CC7-EBFB-44E1-837F-8FC13D6377FF}.Debug|Any CPU.ActiveCfg = Debug|Any CPU
		{7A496CC7-EBFB-44E1-837F-8FC13D6377FF}.Debug|Any CPU.Build.0 = Debug|Any CPU
		{7A496CC7-EBFB-44E1-837F-8FC13D6377FF}.Release|Any CPU.ActiveCfg = Release|Any CPU
		{7A496CC7-EBFB-44E1-837F-8FC13D6377FF}.Release|Any CPU.Build.0 = Release|Any CPU
	EndGlobalSection
	GlobalSection(SolutionProperties) = preSolution
		HideSolutionNode = FALSE
	EndGlobalSection
	GlobalSection(ExtensibilityGlobals) = postSolution
		SolutionGuid = {6E9382C3-A99C-48AD-A4D6-5E4EE9012C4A}
	EndGlobalSection
EndGlobal
